
Microsoft Visual Studio Solution File, Format Version 12.00
# Visual Studio Version 16
VisualStudioVersion = 16.0.30204.135
MinimumVisualStudioVersion = 10.0.40219.1
Project("{FAE04EC0-301F-11D3-BF4B-00C04F79EFBC}") = "KolejkaFIFO", "KolejkaFIFO\KolejkaFIFO.csproj", "{EF837F13-E2EB-4F37-8B25-2A737159F0E5}"
EndProject
Project("{FAE04EC0-301F-11D3-BF4B-00C04F79EFBC}") = "Biblioteka", "Biblioteka\Biblioteka.csproj", "{EBDEC5A6-939A-4801-A57A-C652C45F7ACE}"
EndProject
Project("{FAE04EC0-301F-11D3-BF4B-00C04F79EFBC}") = "KomitetKolejkowy", "KomitetKolejkowy\KomitetKolejkowy.csproj", "{C5515558-753B-4BA7-A5F6-79A68D0F91DC}"
EndProject
Global
	GlobalSection(SolutionConfigurationPlatforms) = preSolution
		Debug|Any CPU = Debug|Any CPU
		Release|Any CPU = Release|Any CPU
	EndGlobalSection
	GlobalSection(ProjectConfigurationPlatforms) = postSolution
		{EF837F13-E2EB-4F37-8B25-2A737159F0E5}.Debug|Any CPU.ActiveCfg = Debug|Any CPU
		{EF837F13-E2EB-4F37-8B25-2A737159F0E5}.Debug|Any CPU.Build.0 = Debug|Any CPU
		{EF837F13-E2EB-4F37-8B25-2A737159F0E5}.Release|Any CPU.ActiveCfg = Release|Any CPU
		{EF837F13-E2EB-4F37-8B25-2A737159F0E5}.Release|Any CPU.Build.0 = Release|Any CPU
		{EBDEC5A6-939A-4801-A57A-C652C45F7ACE}.Debug|Any CPU.ActiveCfg = Debug|Any CPU
		{EBDEC5A6-939A-4801-A57A-C652C45F7ACE}.Debug|Any CPU.Build.0 = Debug|Any CPU
		{EBDEC5A6-939A-4801-A57A-C652C45F7ACE}.Release|Any CPU.ActiveCfg = Release|Any CPU
		{EBDEC5A6-939A-4801-A57A-C652C45F7ACE}.Release|Any CPU.Build.0 = Release|Any CPU
		{C5515558-753B-4BA7-A5F6-79A68D0F91DC}.Debug|Any CPU.ActiveCfg = Debug|Any CPU
		{C5515558-753B-4BA7-A5F6-79A68D0F91DC}.Debug|Any CPU.Build.0 = Debug|Any CPU
		{C5515558-753B-4BA7-A5F6-79A68D0F91DC}.Release|Any CPU.ActiveCfg = Release|Any CPU
		{C5515558-753B-4BA7-A5F6-79A68D0F91DC}.Release|Any CPU.Build.0 = Release|Any CPU
	EndGlobalSection
	GlobalSection(SolutionProperties) = preSolution
		HideSolutionNode = FALSE
	EndGlobalSection
	GlobalSection(ExtensibilityGlobals) = postSolution
		SolutionGuid = {4BF15705-769E-4BA0-A93D-419B599AA099}
	EndGlobalSection
EndGlobal
